
Microsoft Visual Studio Solution File, Format Version 12.00
# Visual Studio Version 16
VisualStudioVersion = 16.0.31229.75
MinimumVisualStudioVersion = 10.0.40219.1
Project("{FAE04EC0-301F-11D3-BF4B-00C04F79EFBC}") = "RestaurantRaterAPI", "RestaurantRaterAPI\RestaurantRaterAPI.csproj", "{4D096DC8-0E24-49E8-8441-22D2EBE1A559}"
EndProject
Global
	GlobalSection(SolutionConfigurationPlatforms) = preSolution
		Debug|Any CPU = Debug|Any CPU
		Release|Any CPU = Release|Any CPU
	EndGlobalSection
	GlobalSection(ProjectConfigurationPlatforms) = postSolution
		{4D096DC8-0E24-49E8-8441-22D2EBE1A559}.Debug|Any CPU.ActiveCfg = Debug|Any CPU
		{4D096DC8-0E24-49E8-8441-22D2EBE1A559}.Debug|Any CPU.Build.0 = Debug|Any CPU
		{4D096DC8-0E24-49E8-8441-22D2EBE1A559}.Release|Any CPU.ActiveCfg = Release|Any CPU
		{4D096DC8-0E24-49E8-8441-22D2EBE1A559}.Release|Any CPU.Build.0 = Release|Any CPU
	EndGlobalSection
	GlobalSection(SolutionProperties) = preSolution
		HideSolutionNode = FALSE
	EndGlobalSection
	GlobalSection(ExtensibilityGlobals) = postSolution
		SolutionGuid = {B88CBCFA-B73F-4ADE-8788-44E999E95229}
	EndGlobalSection
EndGlobal
